
Microsoft Visual Studio Solution File, Format Version 12.00
Project("{FAE04EC0-301F-11D3-BF4B-00C04F79EFBC}") = "RE Engine", "RE Engine\RE Engine.csproj", "{0D75EC3C-549C-4BCD-B08C-B11FACB94710}"
EndProject
Global
	GlobalSection(SolutionConfigurationPlatforms) = preSolution
		Debug|Any CPU = Debug|Any CPU
		Release|Any CPU = Release|Any CPU
	EndGlobalSection
	GlobalSection(ProjectConfigurationPlatforms) = postSolution
		{0D75EC3C-549C-4BCD-B08C-B11FACB94710}.Debug|Any CPU.ActiveCfg = Debug|Any CPU
		{0D75EC3C-549C-4BCD-B08C-B11FACB94710}.Debug|Any CPU.Build.0 = Debug|Any CPU
		{0D75EC3C-549C-4BCD-B08C-B11FACB94710}.Release|Any CPU.ActiveCfg = Release|Any CPU
		{0D75EC3C-549C-4BCD-B08C-B11FACB94710}.Release|Any CPU.Build.0 = Release|Any CPU
	EndGlobalSection
EndGlobal
